
Microsoft Visual Studio Solution File, Format Version 12.00
# Visual Studio Version 17
VisualStudioVersion = 17.6.33829.357
MinimumVisualStudioVersion = 10.0.40219.1
Project("{9A19103F-16F7-4668-BE54-9A1E7A4F7556}") = "ForumAppJWTAzure.Server", "ForumAppJWTAzure\Server\ForumAppJWTAzure.Server.csproj", "{009F5CA4-8E57-4841-8A68-7E4E3B5347F1}"
EndProject
Project("{9A19103F-16F7-4668-BE54-9A1E7A4F7556}") = "ForumAppJWTAzure.Client", "ForumAppJWTAzure\Client\ForumAppJWTAzure.Client.csproj", "{15B564F0-52D4-4310-B0E8-B00F6C5F6E33}"
EndProject
Project("{9A19103F-16F7-4668-BE54-9A1E7A4F7556}") = "ForumAppJWTAzure.Shared", "ForumAppJWTAzure\Shared\ForumAppJWTAzure.Shared.csproj", "{5CB39C07-0E1C-4408-9782-0FFC8D782C70}"
EndProject
Global
	GlobalSection(SolutionConfigurationPlatforms) = preSolution
		Debug|Any CPU = Debug|Any CPU
		Release|Any CPU = Release|Any CPU
	EndGlobalSection
	GlobalSection(ProjectConfigurationPlatforms) = postSolution
		{009F5CA4-8E57-4841-8A68-7E4E3B5347F1}.Debug|Any CPU.ActiveCfg = Debug|Any CPU
		{009F5CA4-8E57-4841-8A68-7E4E3B5347F1}.Debug|Any CPU.Build.0 = Debug|Any CPU
		{009F5CA4-8E57-4841-8A68-7E4E3B5347F1}.Release|Any CPU.ActiveCfg = Release|Any CPU
		{009F5CA4-8E57-4841-8A68-7E4E3B5347F1}.Release|Any CPU.Build.0 = Release|Any CPU
		{15B564F0-52D4-4310-B0E8-B00F6C5F6E33}.Debug|Any CPU.ActiveCfg = Debug|Any CPU
		{15B564F0-52D4-4310-B0E8-B00F6C5F6E33}.Debug|Any CPU.Build.0 = Debug|Any CPU
		{15B564F0-52D4-4310-B0E8-B00F6C5F6E33}.Release|Any CPU.ActiveCfg = Release|Any CPU
		{15B564F0-52D4-4310-B0E8-B00F6C5F6E33}.Release|Any CPU.Build.0 = Release|Any CPU
		{5CB39C07-0E1C-4408-9782-0FFC8D782C70}.Debug|Any CPU.ActiveCfg = Debug|Any CPU
		{5CB39C07-0E1C-4408-9782-0FFC8D782C70}.Debug|Any CPU.Build.0 = Debug|Any CPU
		{5CB39C07-0E1C-4408-9782-0FFC8D782C70}.Release|Any CPU.ActiveCfg = Release|Any CPU
		{5CB39C07-0E1C-4408-9782-0FFC8D782C70}.Release|Any CPU.Build.0 = Release|Any CPU
	EndGlobalSection
	GlobalSection(SolutionProperties) = preSolution
		HideSolutionNode = FALSE
	EndGlobalSection
	GlobalSection(ExtensibilityGlobals) = postSolution
		SolutionGuid = {705344D8-5759-4EEE-9A49-9352146D0922}
	EndGlobalSection
EndGlobal
